
Microsoft Visual Studio Solution File, Format Version 12.00
# Visual Studio Version 17
VisualStudioVersion = 17.1.32210.238
MinimumVisualStudioVersion = 10.0.40219.1
Project("{9A19103F-16F7-4668-BE54-9A1E7A4F7556}") = "BlazorApp", "BlazorApp\BlazorApp.csproj", "{20595BE0-26D2-48E2-961B-096D3EF63F9C}"
EndProject
Project("{9A19103F-16F7-4668-BE54-9A1E7A4F7556}") = "BlazorApp.Admin", "BlazorApp.Admin\BlazorApp.Admin.csproj", "{2F99B52F-C830-417B-A79E-6DAE9BDFDC66}"
EndProject
Project("{00D1A9C2-B5F0-4AF3-8072-F6C62B433612}") = "BlazorApp.SqlServer", "BlazorApp.SqlServer\BlazorApp.SqlServer.sqlproj", "{D674C2EE-9637-4126-8B9E-4861EB08F0DB}"
EndProject
Project("{9A19103F-16F7-4668-BE54-9A1E7A4F7556}") = "BlazorApp.Models", "BlazorApp.Models\BlazorApp.Models.csproj", "{A9488EC5-7EBA-48AC-ADF6-162305290230}"
EndProject
Project("{9A19103F-16F7-4668-BE54-9A1E7A4F7556}") = "BlazorApp.Models.Tests", "BlazorApp.Models.Tests\BlazorApp.Models.Tests.csproj", "{80DAD863-2CE6-4026-8A06-1B838E69E681}"
EndProject
Project("{9A19103F-16F7-4668-BE54-9A1E7A4F7556}") = "BlazorApp.Apis", "BlazorApp.Apis\BlazorApp.Apis.csproj", "{B3B56527-31F5-4989-A93D-8F705E06B110}"
EndProject
Project("{9A19103F-16F7-4668-BE54-9A1E7A4F7556}") = "BlazorApp.SingleSignOn", "BlazorApp.SingleSignOn\BlazorApp.SingleSignOn.csproj", "{369247F6-FCB8-4D60-9682-876E7C7287B6}"
EndProject
Project("{FAE04EC0-301F-11D3-BF4B-00C04F79EFBC}") = "Pragim.Components", "Pragim.Components\Pragim.Components.csproj", "{988C2C0C-1C94-4BD8-B290-AAA6359E3A69}"
EndProject
Global
	GlobalSection(SolutionConfigurationPlatforms) = preSolution
		Debug|Any CPU = Debug|Any CPU
		Release|Any CPU = Release|Any CPU
	EndGlobalSection
	GlobalSection(ProjectConfigurationPlatforms) = postSolution
		{20595BE0-26D2-48E2-961B-096D3EF63F9C}.Debug|Any CPU.ActiveCfg = Debug|Any CPU
		{20595BE0-26D2-48E2-961B-096D3EF63F9C}.Debug|Any CPU.Build.0 = Debug|Any CPU
		{20595BE0-26D2-48E2-961B-096D3EF63F9C}.Release|Any CPU.ActiveCfg = Release|Any CPU
		{20595BE0-26D2-48E2-961B-096D3EF63F9C}.Release|Any CPU.Build.0 = Release|Any CPU
		{2F99B52F-C830-417B-A79E-6DAE9BDFDC66}.Debug|Any CPU.ActiveCfg = Debug|Any CPU
		{2F99B52F-C830-417B-A79E-6DAE9BDFDC66}.Debug|Any CPU.Build.0 = Debug|Any CPU
		{2F99B52F-C830-417B-A79E-6DAE9BDFDC66}.Release|Any CPU.ActiveCfg = Release|Any CPU
		{2F99B52F-C830-417B-A79E-6DAE9BDFDC66}.Release|Any CPU.Build.0 = Release|Any CPU
		{D674C2EE-9637-4126-8B9E-4861EB08F0DB}.Debug|Any CPU.ActiveCfg = Debug|Any CPU
		{D674C2EE-9637-4126-8B9E-4861EB08F0DB}.Debug|Any CPU.Build.0 = Debug|Any CPU
		{D674C2EE-9637-4126-8B9E-4861EB08F0DB}.Debug|Any CPU.Deploy.0 = Debug|Any CPU
		{D674C2EE-9637-4126-8B9E-4861EB08F0DB}.Release|Any CPU.ActiveCfg = Release|Any CPU
		{D674C2EE-9637-4126-8B9E-4861EB08F0DB}.Release|Any CPU.Build.0 = Release|Any CPU
		{D674C2EE-9637-4126-8B9E-4861EB08F0DB}.Release|Any CPU.Deploy.0 = Release|Any CPU
		{A9488EC5-7EBA-48AC-ADF6-162305290230}.Debug|Any CPU.ActiveCfg = Debug|Any CPU
		{A9488EC5-7EBA-48AC-ADF6-162305290230}.Debug|Any CPU.Build.0 = Debug|Any CPU
		{A9488EC5-7EBA-48AC-ADF6-162305290230}.Release|Any CPU.ActiveCfg = Release|Any CPU
		{A9488EC5-7EBA-48AC-ADF6-162305290230}.Release|Any CPU.Build.0 = Release|Any CPU
		{80DAD863-2CE6-4026-8A06-1B838E69E681}.Debug|Any CPU.ActiveCfg = Debug|Any CPU
		{80DAD863-2CE6-4026-8A06-1B838E69E681}.Debug|Any CPU.Build.0 = Debug|Any CPU
		{80DAD863-2CE6-4026-8A06-1B838E69E681}.Release|Any CPU.ActiveCfg = Release|Any CPU
		{80DAD863-2CE6-4026-8A06-1B838E69E681}.Release|Any CPU.Build.0 = Release|Any CPU
		{B3B56527-31F5-4989-A93D-8F705E06B110}.Debug|Any CPU.ActiveCfg = Debug|Any CPU
		{B3B56527-31F5-4989-A93D-8F705E06B110}.Debug|Any CPU.Build.0 = Debug|Any CPU
		{B3B56527-31F5-4989-A93D-8F705E06B110}.Release|Any CPU.ActiveCfg = Release|Any CPU
		{B3B56527-31F5-4989-A93D-8F705E06B110}.Release|Any CPU.Build.0 = Release|Any CPU
		{369247F6-FCB8-4D60-9682-876E7C7287B6}.Debug|Any CPU.ActiveCfg = Debug|Any CPU
		{369247F6-FCB8-4D60-9682-876E7C7287B6}.Debug|Any CPU.Build.0 = Debug|Any CPU
		{369247F6-FCB8-4D60-9682-876E7C7287B6}.Release|Any CPU.ActiveCfg = Release|Any CPU
		{369247F6-FCB8-4D60-9682-876E7C7287B6}.Release|Any CPU.Build.0 = Release|Any CPU
		{988C2C0C-1C94-4BD8-B290-AAA6359E3A69}.Debug|Any CPU.ActiveCfg = Debug|Any CPU
		{988C2C0C-1C94-4BD8-B290-AAA6359E3A69}.Debug|Any CPU.Build.0 = Debug|Any CPU
		{988C2C0C-1C94-4BD8-B290-AAA6359E3A69}.Release|Any CPU.ActiveCfg = Release|Any CPU
		{988C2C0C-1C94-4BD8-B290-AAA6359E3A69}.Release|Any CPU.Build.0 = Release|Any CPU
	EndGlobalSection
	GlobalSection(SolutionProperties) = preSolution
		HideSolutionNode = FALSE
	EndGlobalSection
	GlobalSection(ExtensibilityGlobals) = postSolution
		SolutionGuid = {E9222D68-3C17-4A72-A0C4-8279A2ADDE0B}
	EndGlobalSection
EndGlobal
